
Microsoft Visual Studio Solution File, Format Version 12.00
# Visual Studio Version 16
VisualStudioVersion = 25.0.1706.9
MinimumVisualStudioVersion = 10.0.40219.1
Project("{FAE04EC0-301F-11D3-BF4B-00C04F79EFBC}") = "HackerNews", "HackerNews.csproj", "{CDEE4B8D-07D0-4989-9128-981052646185}"
EndProject
Global
	GlobalSection(SolutionConfigurationPlatforms) = preSolution
		Debug|Any CPU = Debug|Any CPU
		Release|Any CPU = Release|Any CPU
	EndGlobalSection
	GlobalSection(ProjectConfigurationPlatforms) = postSolution
		{CDEE4B8D-07D0-4989-9128-981052646185}.Debug|Any CPU.ActiveCfg = Debug|Any CPU
		{CDEE4B8D-07D0-4989-9128-981052646185}.Debug|Any CPU.Build.0 = Debug|Any CPU
		{CDEE4B8D-07D0-4989-9128-981052646185}.Release|Any CPU.ActiveCfg = Release|Any CPU
		{CDEE4B8D-07D0-4989-9128-981052646185}.Release|Any CPU.Build.0 = Release|Any CPU
	EndGlobalSection
	GlobalSection(SolutionProperties) = preSolution
		HideSolutionNode = FALSE
	EndGlobalSection
	GlobalSection(ExtensibilityGlobals) = postSolution
		SolutionGuid = {1371E23A-BB9B-45D7-850B-9832B001F171}
	EndGlobalSection
EndGlobal
